
Microsoft Visual Studio Solution File, Format Version 12.00
# Visual Studio Version 17
VisualStudioVersion = 17.9.34607.119
MinimumVisualStudioVersion = 10.0.40219.1
Project("{FAE04EC0-301F-11D3-BF4B-00C04F79EFBC}") = "Ressential", "Ressential\Ressential.csproj", "{5D841667-F73F-465C-8376-90342F233290}"
EndProject
Global
	GlobalSection(SolutionConfigurationPlatforms) = preSolution
		Debug|Any CPU = Debug|Any CPU
		Release|Any CPU = Release|Any CPU
	EndGlobalSection
	GlobalSection(ProjectConfigurationPlatforms) = postSolution
		{5D841667-F73F-465C-8376-90342F233290}.Debug|Any CPU.ActiveCfg = Debug|Any CPU
		{5D841667-F73F-465C-8376-90342F233290}.Debug|Any CPU.Build.0 = Debug|Any CPU
		{5D841667-F73F-465C-8376-90342F233290}.Release|Any CPU.ActiveCfg = Release|Any CPU
		{5D841667-F73F-465C-8376-90342F233290}.Release|Any CPU.Build.0 = Release|Any CPU
	EndGlobalSection
	GlobalSection(SolutionProperties) = preSolution
		HideSolutionNode = FALSE
	EndGlobalSection
	GlobalSection(ExtensibilityGlobals) = postSolution
		SolutionGuid = {9B404151-715B-452C-AC01-B04410581734}
	EndGlobalSection
EndGlobal
